{
  "version": 4,
  "terraform_version": "1.6.6",
  "serial": 1,
  "lineage": "90b70de2-03be-f665-8ce5-8fe9ebbc7dc7",
  "outputs": {},
  "resources": [
    {
      "mode": "managed",
      "type": "aws_eip_association",
      "name": "api_server_eip",
      "provider": "provider[\"registry.terraform.io/hashicorp/aws\"]",
      "instances": [
        {
          "schema_version": 0,
          "attributes": {
            "allocation_id": "eipalloc-06d9efbb8d9be4e1d",
            "allow_reassociation": null,
            "id": "eipassoc-0398a4feb10eac193",
            "instance_id": "i-03689e72c6c44d6bd",
            "network_interface_id": "eni-0f1d6d5d7cb003aa9",
            "private_ip_address": "192.178.0.128",
            "public_ip": "13.234.224.190"
          },
          "sensitive_attributes": [],
          "private": "bnVsbA=="
        }
      ]
    }
  ],
  "check_results": null
}
